<?xml version="1.0" encoding="utf-8"?>
<Project ToolsVersion="4.0" xmlns="http://schemas.microsoft.com/developer/msbuild/2003">
  <ItemGroup>
    <Filter Include="Source Files">
      <UniqueIdentifier>{4FC737F1-C7A5-4376-A066-2A32D752A2FF}</UniqueIdentifier>
      <Extensions>cpp;c;cc;cxx;c++;cppm;ixx;def;odl;idl;hpj;bat;asm;asmx</Extensions>
    </Filter>
    <Filter Include="Header Files">
      <UniqueIdentifier>{93995380-89BD-4b04-88EB-625FBE52EBFB}</UniqueIdentifier>
      <Extensions>h;hh;hpp;hxx;h++;hm;inl;inc;ipp;xsd</Extensions>
    </Filter>
    <Filter Include="Resource Files">
      <UniqueIdentifier>{67DA6AB6-F800-4c08-8B7A-83BB121AAD01}</UniqueIdentifier>
      <Extensions>rc;ico;cur;bmp;dlg;rc2;rct;bin;rgs;gif;jpg;jpeg;jpe;resx;tiff;tif;png;wav;mfcribbon-ms</Extensions>
    </Filter>
    <Filter Include="Source Files\utils">
      <UniqueIdentifier>{1423572c-f11a-4691-a1b4-d479bbbedbe3}</UniqueIdentifier>
    </Filter>
    <Filter Include="Source Files\extLibs">
      <UniqueIdentifier>{251e176f-10c3-4553-a1a1-9b6b698b9d9b}</UniqueIdentifier>
    </Filter>
    <Filter Include="Source Files\instruments">
      <UniqueIdentifier>{beea2a7e-22e7-44e2-a434-bc18a2ca0199}</UniqueIdentifier>
    </Filter>
    <Filter Include="Source Files\ctx">
      <UniqueIdentifier>{a0724913-5644-4d1d-8b3d-38c08a104596}</UniqueIdentifier>
    </Filter>
  </ItemGroup>
  <ItemGroup>
    <ClCompile Include="src\Este.cpp">
      <Filter>Source Files</Filter>
    </ClCompile>
    <ClCompile Include="src\utils\knobs.cpp">
      <Filter>Source Files\utils</Filter>
    </ClCompile>
    <ClCompile Include="extLibs\tomlc99\toml.c">
      <Filter>Source Files\extLibs</Filter>
    </ClCompile>
    <ClCompile Include="src\instruments\instruments.cpp">
      <Filter>Source Files\instruments</Filter>
    </ClCompile>
    <ClCompile Include="src\ctx\image.cpp">
      <Filter>Source Files\ctx</Filter>
    </ClCompile>
    <ClCompile Include="src\ctx\proc.cpp">
      <Filter>Source Files\ctx</Filter>
    </ClCompile>
    <ClCompile Include="src\utils\errors.cpp">
      <Filter>Source Files\utils</Filter>
    </ClCompile>
    <ClCompile Include="src\utils\sync.cpp">
      <Filter>Source Files\utils</Filter>
    </ClCompile>
    <ClCompile Include="src\utils\serial.cpp">
      <Filter>Source Files\utils</Filter>
    </ClCompile>
    <ClCompile Include="src\utils\utils.cpp">
      <Filter>Source Files\utils</Filter>
    </ClCompile>
    <ClCompile Include="src\ctx\bb.cpp">
      <Filter>Source Files\ctx</Filter>
    </ClCompile>
    <ClCompile Include="src\ctx\rtn.cpp">
      <Filter>Source Files\ctx</Filter>
    </ClCompile>
  </ItemGroup>
  <ItemGroup>
    <ClInclude Include="src\include\Este\knobs.hpp">
      <Filter>Header Files</Filter>
    </ClInclude>
    <ClInclude Include="src\include\Este\errors.hpp">
      <Filter>Header Files</Filter>
    </ClInclude>
    <ClInclude Include="src\include\Este\instruments.hpp">
      <Filter>Header Files</Filter>
    </ClInclude>
    <ClInclude Include="src\include\Este\image.hpp">
      <Filter>Header Files</Filter>
    </ClInclude>
    <ClInclude Include="src\include\Este\serial.hpp">
      <Filter>Header Files</Filter>
    </ClInclude>
    <ClInclude Include="src\include\Este\proc.hpp">
      <Filter>Header Files</Filter>
    </ClInclude>
    <ClInclude Include="src\include\Este\sync.hpp">
      <Filter>Header Files</Filter>
    </ClInclude>
    <ClInclude Include="src\include\Este\utils.hpp">
      <Filter>Header Files</Filter>
    </ClInclude>
    <ClInclude Include="src\include\Este\bb.hpp">
      <Filter>Header Files</Filter>
    </ClInclude>
    <ClInclude Include="src\include\Este\rtn.hpp">
      <Filter>Header Files</Filter>
    </ClInclude>
  </ItemGroup>
</Project>